
Microsoft Visual Studio Solution File, Format Version 12.00
# Visual Studio Version 16
VisualStudioVersion = 16.0.31112.23
MinimumVisualStudioVersion = 10.0.40219.1
Project("{FAE04EC0-301F-11D3-BF4B-00C04F79EFBC}") = "NativeAndroidWithMaui", "NativeAndroidWithMaui\NativeAndroidWithMaui.csproj", "{989D4BE1-6328-4909-A9D7-61C4E5691EE1}"
EndProject
Global
	GlobalSection(SolutionConfigurationPlatforms) = preSolution
		Debug|Any CPU = Debug|Any CPU
		Release|Any CPU = Release|Any CPU
	EndGlobalSection
	GlobalSection(ProjectConfigurationPlatforms) = postSolution
		{989D4BE1-6328-4909-A9D7-61C4E5691EE1}.Debug|Any CPU.ActiveCfg = Debug|Any CPU
		{989D4BE1-6328-4909-A9D7-61C4E5691EE1}.Debug|Any CPU.Build.0 = Debug|Any CPU
		{989D4BE1-6328-4909-A9D7-61C4E5691EE1}.Debug|Any CPU.Deploy.0 = Debug|Any CPU
		{989D4BE1-6328-4909-A9D7-61C4E5691EE1}.Release|Any CPU.ActiveCfg = Release|Any CPU
		{989D4BE1-6328-4909-A9D7-61C4E5691EE1}.Release|Any CPU.Build.0 = Release|Any CPU
		{989D4BE1-6328-4909-A9D7-61C4E5691EE1}.Release|Any CPU.Deploy.0 = Release|Any CPU
	EndGlobalSection
	GlobalSection(SolutionProperties) = preSolution
		HideSolutionNode = FALSE
	EndGlobalSection
	GlobalSection(ExtensibilityGlobals) = postSolution
		SolutionGuid = {B2F80931-5D31-431E-BA89-55F64C4E3E88}
	EndGlobalSection
EndGlobal
